lockfileVersion: '9.0'

settings:
  autoInstallPeers: true
  excludeLinksFromLockfile: false

importers:

  .:
    dependencies:
      '@cloudflare/containers':
        specifier: ^0.1.1
        version: 0.1.1

packages:

  '@cloudflare/containers@0.1.1':
    resolution: {integrity: sha512-YTdobRTnTlUOUPMFemufH367A9Z8pDfZ+UboYMLbGpO0VlvEXZDiioSmXPQMHld2vRtkL31mcRii3bcbQU6fdw==}

snapshots:

  '@cloudflare/containers@0.1.1': {}
